PODS:
  - Base64 (1.1.2)
  - boost-for-react-native (1.63.0)
  - BVLinearGradient (2.6.2):
    - React-Core
  - CodePush (7.1.0):
    - Base64 (~> 1.1)
    - JWT (~> 3.0.0-beta.12)
    - React-Core
    - SSZipArchive (~> 2.2.2)
  - DoubleConversion (1.1.6)
  - FBLazyVector (0.63.2)
  - FBReactNativeSpec (0.63.2):
    - Folly (= 2020.01.13.00)
    - RCTRequired (= 0.63.2)
    - RCTTypeSafety (= 0.63.2)
    - React-Core (= 0.63.2)
    - React-jsi (= 0.63.2)
    - ReactCommon/turbomodule/core (= 0.63.2)
  - Folly (2020.01.13.00):
    - boost-for-react-native
    - DoubleConversion
    - Folly/Default (= 2020.01.13.00)
    - glog
  - Folly/Default (2020.01.13.00):
    - boost-for-react-native
    - DoubleConversion
    - glog
  - glog (0.3.5)
  - JCore (1.8.0):
    - React
  - JPush (2.8.1):
    - React
  - JWT (3.0.0-beta.14):
    - Base64 (~> 1.1.2)
  - Permission-Camera (2.2.2):
    - RNPermissions
  - Permission-FaceID (2.2.2):
    - RNPermissions
  - Permission-LocationAlways (2.2.2):
    - RNPermissions
  - Permission-LocationWhenInUse (2.2.2):
    - RNPermissions
  - Permission-Microphone (2.2.2):
    - RNPermissions
  - Permission-PhotoLibrary (2.2.2):
    - RNPermissions
  - RCTRequired (0.63.2)
  - RCTTypeSafety (0.63.2):
    - FBLazyVector (= 0.63.2)
    - Folly (= 2020.01.13.00)
    - RCTRequired (= 0.63.2)
    - React-Core (= 0.63.2)
  - React (0.63.2):
    - React-Core (= 0.63.2)
    - React-Core/DevSupport (= 0.63.2)
    - React-Core/RCTWebSocket (= 0.63.2)
    - React-RCTActionSheet (= 0.63.2)
    - React-RCTAnimation (= 0.63.2)
    - React-RCTBlob (= 0.63.2)
    - React-RCTImage (= 0.63.2)
    - React-RCTLinking (= 0.63.2)
    - React-RCTNetwork (= 0.63.2)
    - React-RCTSettings (= 0.63.2)
    - React-RCTText (= 0.63.2)
    - React-RCTVibration (= 0.63.2)
  - React-callinvoker (0.63.2)
  - React-Core (0.63.2):
    - Folly (= 2020.01.13.00)
    - glog
    - React-Core/Default (= 0.63.2)
    - React-cxxreact (= 0.63.2)
    - React-jsi (= 0.63.2)
    - React-jsiexecutor (= 0.63.2)
    - Yoga
  - React-Core/CoreModulesHeaders (0.63.2):
    - Folly (= 2020.01.13.00)
    - glog
    - React-Core/Default
    - React-cxxreact (= 0.63.2)
    - React-jsi (= 0.63.2)
    - React-jsiexecutor (= 0.63.2)
    - Yoga
  - React-Core/Default (0.63.2):
    - Folly (= 2020.01.13.00)
    - glog
    - React-cxxreact (= 0.63.2)
    - React-jsi (= 0.63.2)
    - React-jsiexecutor (= 0.63.2)
    - Yoga
  - React-Core/DevSupport (0.63.2):
    - Folly (= 2020.01.13.00)
    - glog
    - React-Core/Default (= 0.63.2)
    - React-Core/RCTWebSocket (= 0.63.2)
    - React-cxxreact (= 0.63.2)
    - React-jsi (= 0.63.2)
    - React-jsiexecutor (= 0.63.2)
    - React-jsinspector (= 0.63.2)
    - Yoga
  - React-Core/RCTActionSheetHeaders (0.63.2):
    - Folly (= 2020.01.13.00)
    - glog
    - React-Core/Default
    - React-cxxreact (= 0.63.2)
    - React-jsi (= 0.63.2)
    - React-jsiexecutor (= 0.63.2)
    - Yoga
  - React-Core/RCTAnimationHeaders (0.63.2):
    - Folly (= 2020.01.13.00)
    - glog
    - React-Core/Default
    - React-cxxreact (= 0.63.2)
    - React-jsi (= 0.63.2)
    - React-jsiexecutor (= 0.63.2)
    - Yoga
  - React-Core/RCTBlobHeaders (0.63.2):
    - Folly (= 2020.01.13.00)
    - glog
    - React-Core/Default
    - React-cxxreact (= 0.63.2)
    - React-jsi (= 0.63.2)
    - React-jsiexecutor (= 0.63.2)
    - Yoga
  - React-Core/RCTImageHeaders (0.63.2):
    - Folly (= 2020.01.13.00)
    - glog
    - React-Core/Default
    - React-cxxreact (= 0.63.2)
    - React-jsi (= 0.63.2)
    - React-jsiexecutor (= 0.63.2)
    - Yoga
  - React-Core/RCTLinkingHeaders (0.63.2):
    - Folly (= 2020.01.13.00)
    - glog
    - React-Core/Default
    - React-cxxreact (= 0.63.2)
    - React-jsi (= 0.63.2)
    - React-jsiexecutor (= 0.63.2)
    - Yoga
  - React-Core/RCTNetworkHeaders (0.63.2):
    - Folly (= 2020.01.13.00)
    - glog
    - React-Core/Default
    - React-cxxreact (= 0.63.2)
    - React-jsi (= 0.63.2)
    - React-jsiexecutor (= 0.63.2)
    - Yoga
  - React-Core/RCTSettingsHeaders (0.63.2):
    - Folly (= 2020.01.13.00)
    - glog
    - React-Core/Default
    - React-cxxreact (= 0.63.2)
    - React-jsi (= 0.63.2)
    - React-jsiexecutor (= 0.63.2)
    - Yoga
  - React-Core/RCTTextHeaders (0.63.2):
    - Folly (= 2020.01.13.00)
    - glog
    - React-Core/Default
    - React-cxxreact (= 0.63.2)
    - React-jsi (= 0.63.2)
    - React-jsiexecutor (= 0.63.2)
    - Yoga
  - React-Core/RCTVibrationHeaders (0.63.2):
    - Folly (= 2020.01.13.00)
    - glog
    - React-Core/Default
    - React-cxxreact (= 0.63.2)
    - React-jsi (= 0.63.2)
    - React-jsiexecutor (= 0.63.2)
    - Yoga
  - React-Core/RCTWebSocket (0.63.2):
    - Folly (= 2020.01.13.00)
    - glog
    - React-Core/Default (= 0.63.2)
    - React-cxxreact (= 0.63.2)
    - React-jsi (= 0.63.2)
    - React-jsiexecutor (= 0.63.2)
    - Yoga
  - React-CoreModules (0.63.2):
    - FBReactNativeSpec (= 0.63.2)
    - Folly (= 2020.01.13.00)
    - RCTTypeSafety (= 0.63.2)
    - React-Core/CoreModulesHeaders (= 0.63.2)
    - React-jsi (= 0.63.2)
    - React-RCTImage (= 0.63.2)
    - ReactCommon/turbomodule/core (= 0.63.2)
  - React-cxxreact (0.63.2):
    - boost-for-react-native (= 1.63.0)
    - DoubleConversion
    - Folly (= 2020.01.13.00)
    - glog
    - React-callinvoker (= 0.63.2)
    - React-jsinspector (= 0.63.2)
  - React-jsi (0.63.2):
    - boost-for-react-native (= 1.63.0)
    - DoubleConversion
    - Folly (= 2020.01.13.00)
    - glog
    - React-jsi/Default (= 0.63.2)
  - React-jsi/Default (0.63.2):
    - boost-for-react-native (= 1.63.0)
    - DoubleConversion
    - Folly (= 2020.01.13.00)
    - glog
  - React-jsiexecutor (0.63.2):
    - DoubleConversion
    - Folly (= 2020.01.13.00)
    - glog
    - React-cxxreact (= 0.63.2)
    - React-jsi (= 0.63.2)
  - React-jsinspector (0.63.2)
  - react-native-cameraroll (4.1.2):
    - React-Core
  - react-native-netinfo (6.2.1):
    - React-Core
  - react-native-safe-area-context (3.4.1):
    - React-Core
  - react-native-segmented-control (2.2.2):
    - React-Core
  - react-native-slider (3.0.3):
    - React
  - react-native-splash-screen (3.3.0):
    - React-Core
  - react-native-video (5.2.1):
    - React-Core
    - react-native-video/Video (= 5.2.1)
  - react-native-video/Video (5.2.1):
    - React-Core
  - react-native-viewpager (4.2.4):
    - React-Core
  - react-native-webview (10.3.3):
    - React
  - React-RCTActionSheet (0.63.2):
    - React-Core/RCTActionSheetHeaders (= 0.63.2)
  - React-RCTAnimation (0.63.2):
    - FBReactNativeSpec (= 0.63.2)
    - Folly (= 2020.01.13.00)
    - RCTTypeSafety (= 0.63.2)
    - React-Core/RCTAnimationHeaders (= 0.63.2)
    - React-jsi (= 0.63.2)
    - ReactCommon/turbomodule/core (= 0.63.2)
  - React-RCTBlob (0.63.2):
    - FBReactNativeSpec (= 0.63.2)
    - Folly (= 2020.01.13.00)
    - React-Core/RCTBlobHeaders (= 0.63.2)
    - React-Core/RCTWebSocket (= 0.63.2)
    - React-jsi (= 0.63.2)
    - React-RCTNetwork (= 0.63.2)
    - ReactCommon/turbomodule/core (= 0.63.2)
  - React-RCTImage (0.63.2):
    - FBReactNativeSpec (= 0.63.2)
    - Folly (= 2020.01.13.00)
    - RCTTypeSafety (= 0.63.2)
    - React-Core/RCTImageHeaders (= 0.63.2)
    - React-jsi (= 0.63.2)
    - React-RCTNetwork (= 0.63.2)
    - ReactCommon/turbomodule/core (= 0.63.2)
  - React-RCTLinking (0.63.2):
    - FBReactNativeSpec (= 0.63.2)
    - React-Core/RCTLinkingHeaders (= 0.63.2)
    - React-jsi (= 0.63.2)
    - ReactCommon/turbomodule/core (= 0.63.2)
  - React-RCTNetwork (0.63.2):
    - FBReactNativeSpec (= 0.63.2)
    - Folly (= 2020.01.13.00)
    - RCTTypeSafety (= 0.63.2)
    - React-Core/RCTNetworkHeaders (= 0.63.2)
    - React-jsi (= 0.63.2)
    - ReactCommon/turbomodule/core (= 0.63.2)
  - React-RCTSettings (0.63.2):
    - FBReactNativeSpec (= 0.63.2)
    - Folly (= 2020.01.13.00)
    - RCTTypeSafety (= 0.63.2)
    - React-Core/RCTSettingsHeaders (= 0.63.2)
    - React-jsi (= 0.63.2)
    - ReactCommon/turbomodule/core (= 0.63.2)
  - React-RCTText (0.63.2):
    - React-Core/RCTTextHeaders (= 0.63.2)
  - React-RCTVibration (0.63.2):
    - FBReactNativeSpec (= 0.63.2)
    - Folly (= 2020.01.13.00)
    - React-Core/RCTVibrationHeaders (= 0.63.2)
    - React-jsi (= 0.63.2)
    - ReactCommon/turbomodule/core (= 0.63.2)
  - ReactCommon/turbomodule/core (0.63.2):
    - DoubleConversion
    - Folly (= 2020.01.13.00)
    - glog
    - React-callinvoker (= 0.63.2)
    - React-Core (= 0.63.2)
    - React-cxxreact (= 0.63.2)
    - React-jsi (= 0.63.2)
  - ReactNativeGetLocation (1.4.3):
    - React
  - RNBackgroundFetch (4.1.9):
    - React-Core
  - RNCAsyncStorage (1.12.1):
    - React-Core
  - RNCMaskedView (0.1.11):
    - React
  - RNCPicker (1.8.1):
    - React-Core
  - RNDeviceInfo (5.6.5):
    - React
  - RNGestureHandler (1.10.3):
    - React-Core
  - RNPermissions (2.2.2):
    - React-Core
  - RNReanimated (1.13.4):
    - React-Core
  - RNScreens (2.18.1):
    - React-Core
  - RNSound (0.11.2):
    - React-Core
    - RNSound/Core (= 0.11.2)
  - RNSound/Core (0.11.2):
    - React-Core
  - RNSVG (12.5.1):
    - React-Core
  - RNVectorIcons (7.1.0):
    - React
  - SSZipArchive (2.2.3)
  - TouchID (4.4.1):
    - React
  - Yoga (1.14.0)

DEPENDENCIES:
  - BVLinearGradient (from `../node_modules/react-native-linear-gradient`)
  - CodePush (from `../node_modules/react-native-code-push`)
  - DoubleConversion (from `../node_modules/react-native/third-party-podspecs/DoubleConversion.podspec`)
  - FBLazyVector (from `../node_modules/react-native/Libraries/FBLazyVector`)
  - FBReactNativeSpec (from `../node_modules/react-native/Libraries/FBReactNativeSpec`)
  - Folly (from `../node_modules/react-native/third-party-podspecs/Folly.podspec`)
  - glog (from `../node_modules/react-native/third-party-podspecs/glog.podspec`)
  - JCore (from `../node_modules/jcore-react-native`)
  - JPush (from `../node_modules/jpush-react-native`)
  - Permission-Camera (from `../node_modules/react-native-permissions/ios/Camera.podspec`)
  - Permission-FaceID (from `../node_modules/react-native-permissions/ios/FaceID.podspec`)
  - Permission-LocationAlways (from `../node_modules/react-native-permissions/ios/LocationAlways.podspec`)
  - Permission-LocationWhenInUse (from `../node_modules/react-native-permissions/ios/LocationWhenInUse.podspec`)
  - Permission-Microphone (from `../node_modules/react-native-permissions/ios/Microphone.podspec`)
  - Permission-PhotoLibrary (from `../node_modules/react-native-permissions/ios/PhotoLibrary.podspec`)
  - RCTRequired (from `../node_modules/react-native/Libraries/RCTRequired`)
  - RCTTypeSafety (from `../node_modules/react-native/Libraries/TypeSafety`)
  - React (from `../node_modules/react-native/`)
  - React-callinvoker (from `../node_modules/react-native/ReactCommon/callinvoker`)
  - React-Core (from `../node_modules/react-native/`)
  - React-Core/DevSupport (from `../node_modules/react-native/`)
  - React-Core/RCTWebSocket (from `../node_modules/react-native/`)
  - React-CoreModules (from `../node_modules/react-native/React/CoreModules`)
  - React-cxxreact (from `../node_modules/react-native/ReactCommon/cxxreact`)
  - React-jsi (from `../node_modules/react-native/ReactCommon/jsi`)
  - React-jsiexecutor (from `../node_modules/react-native/ReactCommon/jsiexecutor`)
  - React-jsinspector (from `../node_modules/react-native/ReactCommon/jsinspector`)
  - "react-native-cameraroll (from `../node_modules/@react-native-community/cameraroll`)"
  - "react-native-netinfo (from `../node_modules/@react-native-community/netinfo`)"
  - react-native-safe-area-context (from `../node_modules/react-native-safe-area-context`)
  - "react-native-segmented-control (from `../node_modules/@react-native-community/segmented-control`)"
  - "react-native-slider (from `../node_modules/@react-native-community/slider`)"
  - react-native-splash-screen (from `../node_modules/react-native-splash-screen`)
  - react-native-video (from `../node_modules/react-native-video`)
  - "react-native-viewpager (from `../node_modules/@react-native-community/viewpager`)"
  - react-native-webview (from `../node_modules/react-native-webview`)
  - React-RCTActionSheet (from `../node_modules/react-native/Libraries/ActionSheetIOS`)
  - React-RCTAnimation (from `../node_modules/react-native/Libraries/NativeAnimation`)
  - React-RCTBlob (from `../node_modules/react-native/Libraries/Blob`)
  - React-RCTImage (from `../node_modules/react-native/Libraries/Image`)
  - React-RCTLinking (from `../node_modules/react-native/Libraries/LinkingIOS`)
  - React-RCTNetwork (from `../node_modules/react-native/Libraries/Network`)
  - React-RCTSettings (from `../node_modules/react-native/Libraries/Settings`)
  - React-RCTText (from `../node_modules/react-native/Libraries/Text`)
  - React-RCTVibration (from `../node_modules/react-native/Libraries/Vibration`)
  - ReactCommon/turbomodule/core (from `../node_modules/react-native/ReactCommon`)
  - ReactNativeGetLocation (from `../node_modules/react-native-get-location`)
  - RNBackgroundFetch (from `../node_modules/react-native-background-fetch`)
  - "RNCAsyncStorage (from `../node_modules/@react-native-community/async-storage`)"
  - "RNCMaskedView (from `../node_modules/@react-native-community/masked-view`)"
  - "RNCPicker (from `../node_modules/@react-native-community/picker`)"
  - RNDeviceInfo (from `../node_modules/react-native-device-info`)
  - RNGestureHandler (from `../node_modules/react-native-gesture-handler`)
  - RNPermissions (from `../node_modules/react-native-permissions`)
  - RNReanimated (from `../node_modules/react-native-reanimated`)
  - RNScreens (from `../node_modules/react-native-screens`)
  - RNSound (from `../node_modules/react-native-sound`)
  - RNSVG (from `../node_modules/react-native-svg`)
  - RNVectorIcons (from `../node_modules/react-native-vector-icons`)
  - TouchID (from `../node_modules/react-native-touch-id`)
  - Yoga (from `../node_modules/react-native/ReactCommon/yoga`)

SPEC REPOS:
  trunk:
    - Base64
    - boost-for-react-native
    - JWT
    - SSZipArchive

EXTERNAL SOURCES:
  BVLinearGradient:
    :path: "../node_modules/react-native-linear-gradient"
  CodePush:
    :path: "../node_modules/react-native-code-push"
  DoubleConversion:
    :podspec: "../node_modules/react-native/third-party-podspecs/DoubleConversion.podspec"
  FBLazyVector:
    :path: "../node_modules/react-native/Libraries/FBLazyVector"
  FBReactNativeSpec:
    :path: "../node_modules/react-native/Libraries/FBReactNativeSpec"
  Folly:
    :podspec: "../node_modules/react-native/third-party-podspecs/Folly.podspec"
  glog:
    :podspec: "../node_modules/react-native/third-party-podspecs/glog.podspec"
  JCore:
    :path: "../node_modules/jcore-react-native"
  JPush:
    :path: "../node_modules/jpush-react-native"
  Permission-Camera:
    :path: "../node_modules/react-native-permissions/ios/Camera.podspec"
  Permission-FaceID:
    :path: "../node_modules/react-native-permissions/ios/FaceID.podspec"
  Permission-LocationAlways:
    :path: "../node_modules/react-native-permissions/ios/LocationAlways.podspec"
  Permission-LocationWhenInUse:
    :path: "../node_modules/react-native-permissions/ios/LocationWhenInUse.podspec"
  Permission-Microphone:
    :path: "../node_modules/react-native-permissions/ios/Microphone.podspec"
  Permission-PhotoLibrary:
    :path: "../node_modules/react-native-permissions/ios/PhotoLibrary.podspec"
  RCTRequired:
    :path: "../node_modules/react-native/Libraries/RCTRequired"
  RCTTypeSafety:
    :path: "../node_modules/react-native/Libraries/TypeSafety"
  React:
    :path: "../node_modules/react-native/"
  React-callinvoker:
    :path: "../node_modules/react-native/ReactCommon/callinvoker"
  React-Core:
    :path: "../node_modules/react-native/"
  React-CoreModules:
    :path: "../node_modules/react-native/React/CoreModules"
  React-cxxreact:
    :path: "../node_modules/react-native/ReactCommon/cxxreact"
  React-jsi:
    :path: "../node_modules/react-native/ReactCommon/jsi"
  React-jsiexecutor:
    :path: "../node_modules/react-native/ReactCommon/jsiexecutor"
  React-jsinspector:
    :path: "../node_modules/react-native/ReactCommon/jsinspector"
  react-native-cameraroll:
    :path: "../node_modules/@react-native-community/cameraroll"
  react-native-netinfo:
    :path: "../node_modules/@react-native-community/netinfo"
  react-native-safe-area-context:
    :path: "../node_modules/react-native-safe-area-context"
  react-native-segmented-control:
    :path: "../node_modules/@react-native-community/segmented-control"
  react-native-slider:
    :path: "../node_modules/@react-native-community/slider"
  react-native-splash-screen:
    :path: "../node_modules/react-native-splash-screen"
  react-native-video:
    :path: "../node_modules/react-native-video"
  react-native-viewpager:
    :path: "../node_modules/@react-native-community/viewpager"
  react-native-webview:
    :path: "../node_modules/react-native-webview"
  React-RCTActionSheet:
    :path: "../node_modules/react-native/Libraries/ActionSheetIOS"
  React-RCTAnimation:
    :path: "../node_modules/react-native/Libraries/NativeAnimation"
  React-RCTBlob:
    :path: "../node_modules/react-native/Libraries/Blob"
  React-RCTImage:
    :path: "../node_modules/react-native/Libraries/Image"
  React-RCTLinking:
    :path: "../node_modules/react-native/Libraries/LinkingIOS"
  React-RCTNetwork:
    :path: "../node_modules/react-native/Libraries/Network"
  React-RCTSettings:
    :path: "../node_modules/react-native/Libraries/Settings"
  React-RCTText:
    :path: "../node_modules/react-native/Libraries/Text"
  React-RCTVibration:
    :path: "../node_modules/react-native/Libraries/Vibration"
  ReactCommon:
    :path: "../node_modules/react-native/ReactCommon"
  ReactNativeGetLocation:
    :path: "../node_modules/react-native-get-location"
  RNBackgroundFetch:
    :path: "../node_modules/react-native-background-fetch"
  RNCAsyncStorage:
    :path: "../node_modules/@react-native-community/async-storage"
  RNCMaskedView:
    :path: "../node_modules/@react-native-community/masked-view"
  RNCPicker:
    :path: "../node_modules/@react-native-community/picker"
  RNDeviceInfo:
    :path: "../node_modules/react-native-device-info"
  RNGestureHandler:
    :path: "../node_modules/react-native-gesture-handler"
  RNPermissions:
    :path: "../node_modules/react-native-permissions"
  RNReanimated:
    :path: "../node_modules/react-native-reanimated"
  RNScreens:
    :path: "../node_modules/react-native-screens"
  RNSound:
    :path: "../node_modules/react-native-sound"
  RNSVG:
    :path: "../node_modules/react-native-svg"
  RNVectorIcons:
    :path: "../node_modules/react-native-vector-icons"
  TouchID:
    :path: "../node_modules/react-native-touch-id"
  Yoga:
    :path: "../node_modules/react-native/ReactCommon/yoga"

SPEC CHECKSUMS:
  Base64: cecfb41a004124895a7bcee567a89bae5a89d49b
  boost-for-react-native: 39c7adb57c4e60d6c5479dd8623128eb5b3f0f2c
  BVLinearGradient: 34a999fda29036898a09c6a6b728b0b4189e1a44
  CodePush: dce1b253fde81078249ea9cd4b948e4ac7b761a9
  DoubleConversion: cde416483dac037923206447da6e1454df403714
  FBLazyVector: 3ef4a7f62e7db01092f9d517d2ebc0d0677c4a37
  FBReactNativeSpec: dc7fa9088f0f2a998503a352b0554d69a4391c5a
  Folly: b73c3869541e86821df3c387eb0af5f65addfab4
  glog: 40a13f7840415b9a77023fbcae0f1e6f43192af3
  JCore: 1329e2407872f05e11e127123e9764ca3f9ee124
  JPush: b389c8181b1a5f8978cd06a3811c76fbd848862c
  JWT: ef71dfb03e1f842081e64dc42eef0e164f35d251
  Permission-Camera: 5d2aaf95592660b6dcb5e8d1d90ed5d0156cad02
  Permission-FaceID: 8f034a57c60ed8c602d184f485a9bd524c0f98b7
  Permission-LocationAlways: 700dfb730b07b24a84f8c173b93ad816d71d3dc8
  Permission-LocationWhenInUse: 871e81c06c1fc578353fce962d5d8e6efa697f1a
  Permission-Microphone: a0e56790d61392c31627df33328fef079ad46fa8
  Permission-PhotoLibrary: 8227a6ed9f6a971537afe63742d54f5f23a38fe2
  RCTRequired: f13f25e7b12f925f1f6a6a8c69d929a03c0129fe
  RCTTypeSafety: 44982c5c8e43ff4141eb519a8ddc88059acd1f3a
  React: e1c65dd41cb9db13b99f24608e47dd595f28ca9a
  React-callinvoker: 552a6a6bc8b3bb794cf108ad59e5a9e2e3b4fc98
  React-Core: 9d341e725dc9cd2f49e4c49ad1fc4e8776aa2639
  React-CoreModules: 5335e168165da7f7083ce7147768d36d3e292318
  React-cxxreact: d3261ec5f7d11743fbf21e263a34ea51d1f13ebc
  React-jsi: 54245e1d5f4b690dec614a73a3795964eeef13a8
  React-jsiexecutor: 8ca588cc921e70590820ce72b8789b02c67cce38
  React-jsinspector: b14e62ebe7a66e9231e9581279909f2fc3db6606
  react-native-cameraroll: 2957f2bce63ae896a848fbe0d5352c1bd4d20866
  react-native-netinfo: 3d3769f0d65de15c83a9bf1346f8be71de5a24bf
  react-native-safe-area-context: 9e40fb181dac02619414ba1294d6c2a807056ab9
  react-native-segmented-control: 65df6cd0619b780b3843d574a72d4c7cec396097
  react-native-slider: e99fc201cefe81270fc9d81714a7a0f5e566b168
  react-native-splash-screen: 4312f786b13a81b5169ef346d76d33bc0c6dc457
  react-native-video: c26780b224543c62d5e1b2a7244a5cd1b50e8253
  react-native-viewpager: 32259f9d01874abdf42b25cf81a1d78d1aa55582
  react-native-webview: 136107c8fc07efc95be59e519710cdc05822ad40
  React-RCTActionSheet: 910163b6b09685a35c4ebbc52b66d1bfbbe39fc5
  React-RCTAnimation: 9a883bbe1e9d2e158d4fb53765ed64c8dc2200c6
  React-RCTBlob: 39cf0ece1927996c4466510e25d2105f67010e13
  React-RCTImage: de355d738727b09ad3692f2a979affbd54b5f378
  React-RCTLinking: 8122f221d395a63364b2c0078ce284214bd04575
  React-RCTNetwork: 8f96c7b49ea6a0f28f98258f347b6ad218bc0830
  React-RCTSettings: 8a49622aff9c1925f5455fa340b6fe4853d64ab6
  React-RCTText: 1b6773e776e4b33f90468c20fe3b16ca3e224bb8
  React-RCTVibration: 4d2e726957f4087449739b595f107c0d4b6c2d2d
  ReactCommon: a0a1edbebcac5e91338371b72ffc66aa822792ce
  ReactNativeGetLocation: 1e71f6f2024a4215874998bee0e5f31d90a6dbe7
  RNBackgroundFetch: 642777e4e76435773c149d565a043d66f1781237
  RNCAsyncStorage: b03032fdbdb725bea0bd9e5ec5a7272865ae7398
  RNCMaskedView: 0e1bc4bfa8365eba5fbbb71e07fbdc0555249489
  RNCPicker: 914b557e20b3b8317b084aca9ff4b4edb95f61e4
  RNDeviceInfo: c5f8f3a456adcbba405ace475254b08febc4c095
  RNGestureHandler: a479ebd5ed4221a810967000735517df0d2db211
  RNPermissions: 5df468064df661a4c8c017e2791ce90d7695eea5
  RNReanimated: c1b56d030d1616239861534d9adb531f8cffab68
  RNScreens: f7ad633b2e0190b77b6a7aab7f914fad6f198d8d
  RNSound: 6c156f925295bdc83e8e422e7d8b38d33bc71852
  RNSVG: d7d7bc8229af3842c9cfc3a723c815a52cdd1105
  RNVectorIcons: bc69e6a278b14842063605de32bec61f0b251a59
  SSZipArchive: 62d4947b08730e4cda640473b0066d209ff033c9
  TouchID: ba4c656d849cceabc2e4eef722dea5e55959ecf4
  Yoga: 7740b94929bbacbddda59bf115b5317e9a161598

PODFILE CHECKSUM: b41c3921f467f62610a50c1b287c265fa78e022e

COCOAPODS: 1.11.2
